---
custom_card_nik_clock:
  template:
    - "ulm_language_variables"
  variables:
    ulm_custom_card_nik_clock_switch: "[[[ return variables.ulm_custom_card_nik_clock_switch ]]]"
    ulm_custom_card_nik_clock_switch_enable: false
  show_icon: false
  show_name: true
  show_state: false
  show_label: true
  name: >
    [[[
      const time = new Date();
      let hour = time.getHours();
<<<<<<< HEAD
      let minute = (time.getMinutes()<10?'0':'') + time.getMinutes()
=======
      let minute = time.getMinutes();
>>>>>>> 67374aef3d6c9f7ca8da279f127110e210ed3e88
      return hour + ":" + minute;
    ]]]
  layout: "vertical"
  label: >
    [[[
      const event = new Date();
      const options = {weekday: 'long', year: 'numeric', month: 'long', day: 'numeric' };
      var locale = variables.ulm_language;
      let formatted_date = event.toLocaleDateString(locale, options);
<<<<<<< HEAD
      return formatted_date;
=======
      console.log(formatted_date);
>>>>>>> 67374aef3d6c9f7ca8da279f127110e210ed3e88
    ]]]
  tap_action:
    action: >
      [[[
          if (variables.ulm_custom_card_nik_clock_switch_enable){
            return 'call-service'
          }
          else{
            return 'none'
          }
      ]]]
    service: "input_boolean.toggle"
    service_data:
      entity_id: "[[[ return variables.ulm_custom_card_nik_clock_switch ]]]"
  styles:
    card:
      - background-color: "transparent"
      - height: "100px"
      - box-shadow: "none"
    name:
      - font-size: "290%"
      - font-weight: "bold"
      - justify-self: "center"
    label:
      - justify-self: "center"
      - font-size: "110%"
