---
custom_card_eraycetinay_lock:
  template:
    - "ulm_custom_card_eraycetinay_lock_language_variables"
    - "icon_info_bg"
    - "ulm_language_variables"
  tap_action:
    action: |
      [[[
        if(variables.ulm_custom_card_eraycetinay_lock_tap_control == true){
          return "call-service";
        } else {
          return "more-info";
        }
      ]]]
    # only related with call-service action
    service: |
      [[[
        if(variables.ulm_custom_card_eraycetinay_lock_tap_control == true){
          if(variables.ulm_custom_card_eraycetinay_lock_open == true){
            return "lock.open"
          } else {
            if (entity.state == "locked"){
                return "lock.unlock"
              }
            } else if (entity.state == "unlocked"){
              return "lock.lock"
            }
          }
        } else {
          return;
        }
      ]]]
    # only related with call-service action
    service_data:
      entity_id: |
        [[[ return entity.entity_id ]]]
  show_label: true
  show_name: true
  triggers_update:
    - "[[[ return entity.entity_id ]]]"
  label: |
    [[[
      if (entity.state != "unavailable"){
        if (entity.state == "locked"){
          return variables.custom_card_eraycetinay_lock_locked;
        } else if (entity.state == "unlocked"){
          return variables.custom_card_eraycetinay_lock_unlocked;
        } else if (entity.state == "open"){
          return variables.ulm_open;
        } else if (entity.state == "unlocking"){
          return variables.custom_card_eraycetinay_lock_unlocking;
        } else if (entity.state == "locking"){
          return variables.custom_card_eraycetinay_lock_locking;
        } else if (entity.state == "jammed"){
          return variables.custom_card_eraycetinay_lock_jammed;
        }  else {
          return entity.state;
        }
      } else {
        return custom_card_eraycetinay_lock_unavailable;
      }
    ]]]
  state:
    - operator: "template"
      value: |
        [[[
          return entity.state == "unlocked";
        ]]]
      styles:
        icon:
          - color: "[[[ return `rgba(var(--color-yellow), 1)`; ]]]"
        img_cell:
          - background-color: "[[[ return `rgba(var(--color-yellow), 0.2)`; ]]]"
    - operator: "template"
      value: |
        [[[
          return entity.state == "locked";
        ]]]
      styles:
        icon:
          - color: "[[[ return `rgba(var(--color-green), 1)`; ]]]"
        img_cell:
          - background-color: "[[[ return `rgba(var(--color-green), 0.2)`; ]]]"
  styles:
    icon:
      - color: "rgba(var(--color-theme),0.2)"
    img_cell:
      - background-color: "rgba(var(--color-theme),0.05)"
      - border-radius: "50%"
      - place-self: "center"
      - width: "42px"
      - height: "42px"
